
Microsoft Visual Studio Solution File, Format Version 12.00
# Visual Studio Version 16
VisualStudioVersion = 16.0.31105.61
MinimumVisualStudioVersion = 10.0.40219.1
Project("{FAE04EC0-301F-11D3-BF4B-00C04F79EFBC}") = "KnockoutDemo", "KnockoutDemo\KnockoutDemo.csproj", "{2716E797-DC24-45A6-AC2D-3772692A26F8}"
EndProject
Global
	GlobalSection(SolutionConfigurationPlatforms) = preSolution
		Debug|Any CPU = Debug|Any CPU
		Release|Any CPU = Release|Any CPU
	EndGlobalSection
	GlobalSection(ProjectConfigurationPlatforms) = postSolution
		{2716E797-DC24-45A6-AC2D-3772692A26F8}.Debug|Any CPU.ActiveCfg = Debug|Any CPU
		{2716E797-DC24-45A6-AC2D-3772692A26F8}.Debug|Any CPU.Build.0 = Debug|Any CPU
		{2716E797-DC24-45A6-AC2D-3772692A26F8}.Release|Any CPU.ActiveCfg = Release|Any CPU
		{2716E797-DC24-45A6-AC2D-3772692A26F8}.Release|Any CPU.Build.0 = Release|Any CPU
	EndGlobalSection
	GlobalSection(SolutionProperties) = preSolution
		HideSolutionNode = FALSE
	EndGlobalSection
	GlobalSection(ExtensibilityGlobals) = postSolution
		SolutionGuid = {4E3608FE-94F7-4481-8F1F-941CEE2C2FDA}
	EndGlobalSection
EndGlobal
